
Microsoft Visual Studio Solution File, Format Version 12.00
# Visual Studio Version 16
VisualStudioVersion = 16.0.30413.136
MinimumVisualStudioVersion = 10.0.40219.1
Project("{FAE04EC0-301F-11D3-BF4B-00C04F79EFBC}") = "Benzo", "Benzo\Benzo.csproj", "{4DBDA3A0-14D4-4EAB-88C4-9E75BE427064}"
EndProject
Global
	GlobalSection(SolutionConfigurationPlatforms) = preSolution
		Debug|Any CPU = Debug|Any CPU
		Release|Any CPU = Release|Any CPU
	EndGlobalSection
	GlobalSection(ProjectConfigurationPlatforms) = postSolution
		{4DBDA3A0-14D4-4EAB-88C4-9E75BE427064}.Debug|Any CPU.ActiveCfg = Debug|Any CPU
		{4DBDA3A0-14D4-4EAB-88C4-9E75BE427064}.Debug|Any CPU.Build.0 = Debug|Any CPU
		{4DBDA3A0-14D4-4EAB-88C4-9E75BE427064}.Release|Any CPU.ActiveCfg = Release|Any CPU
		{4DBDA3A0-14D4-4EAB-88C4-9E75BE427064}.Release|Any CPU.Build.0 = Release|Any CPU
	EndGlobalSection
	GlobalSection(SolutionProperties) = preSolution
		HideSolutionNode = FALSE
	EndGlobalSection
	GlobalSection(ExtensibilityGlobals) = postSolution
		SolutionGuid = {014E2E5D-F3BF-4E02-80D9-F517BAF8EDA0}
	EndGlobalSection
EndGlobal
